
Microsoft Visual Studio Solution File, Format Version 12.00
# Visual Studio Version 17
VisualStudioVersion = 17.7.34221.43
MinimumVisualStudioVersion = 10.0.40219.1
Project("{FAE04EC0-301F-11D3-BF4B-00C04F79EFBC}") = "ConsoleApp20", "ConsoleApp20.csproj", "{D023699F-9E2B-4CE6-966F-44C4358D67E0}"
EndProject
Project("{FAE04EC0-301F-11D3-BF4B-00C04F79EFBC}") = "TestProject6", "..\TestProject6\TestProject6.csproj", "{F86AD185-5E1E-4E80-B609-D10D17A1AD98}"
EndProject
Global
	GlobalSection(SolutionConfigurationPlatforms) = preSolution
		Debug|Any CPU = Debug|Any CPU
		Release|Any CPU = Release|Any CPU
	EndGlobalSection
	GlobalSection(ProjectConfigurationPlatforms) = postSolution
		{D023699F-9E2B-4CE6-966F-44C4358D67E0}.Debug|Any CPU.ActiveCfg = Debug|Any CPU
		{D023699F-9E2B-4CE6-966F-44C4358D67E0}.Debug|Any CPU.Build.0 = Debug|Any CPU
		{D023699F-9E2B-4CE6-966F-44C4358D67E0}.Release|Any CPU.ActiveCfg = Release|Any CPU
		{D023699F-9E2B-4CE6-966F-44C4358D67E0}.Release|Any CPU.Build.0 = Release|Any CPU
		{F86AD185-5E1E-4E80-B609-D10D17A1AD98}.Debug|Any CPU.ActiveCfg = Debug|Any CPU
		{F86AD185-5E1E-4E80-B609-D10D17A1AD98}.Debug|Any CPU.Build.0 = Debug|Any CPU
		{F86AD185-5E1E-4E80-B609-D10D17A1AD98}.Release|Any CPU.ActiveCfg = Release|Any CPU
		{F86AD185-5E1E-4E80-B609-D10D17A1AD98}.Release|Any CPU.Build.0 = Release|Any CPU
	EndGlobalSection
	GlobalSection(SolutionProperties) = preSolution
		HideSolutionNode = FALSE
	EndGlobalSection
	GlobalSection(ExtensibilityGlobals) = postSolution
		SolutionGuid = {3ED1553C-5DAD-477F-B427-01615DF1AC5B}
	EndGlobalSection
EndGlobal
